PODS:
  - ByteowlsCapacitorFilesharer (5.0.0):
    - Capacitor
  - Capacitor (6.1.0):
    - CapacitorCordova
  - CapacitorApp (6.0.0):
    - Capacitor
  - CapacitorCamera (6.0.1):
    - Capacitor
  - CapacitorCordova (6.1.0)
  - CapacitorDevice (6.0.0):
    - Capacitor
  - CapacitorGeolocation (6.0.0):
    - Capacitor
  - CapacitorKeyboard (6.0.1):
    - Capacitor
  - CapacitorSplashScreen (6.0.1):
    - Capacitor
  - CapacitorStatusBar (6.0.0):
    - Capacitor
  - CapawesomeCapacitorAppUpdate (6.0.0):
    - Capacitor

DEPENDENCIES:
  - "ByteowlsCapacitorFilesharer (from `../../node_modules/@byteowls/capacitor-filesharer`)"
  - "Capacitor (from `../../node_modules/@capacitor/ios`)"
  - "CapacitorApp (from `../../node_modules/@capacitor/app`)"
  - "CapacitorCamera (from `../../node_modules/@capacitor/camera`)"
  - "CapacitorCordova (from `../../node_modules/@capacitor/ios`)"
  - "CapacitorDevice (from `../../node_modules/@capacitor/device`)"
  - "CapacitorGeolocation (from `../../node_modules/@capacitor/geolocation`)"
  - "CapacitorKeyboard (from `../../node_modules/@capacitor/keyboard`)"
  - "CapacitorSplashScreen (from `../../node_modules/@capacitor/splash-screen`)"
  - "CapacitorStatusBar (from `../../node_modules/@capacitor/status-bar`)"
  - "CapawesomeCapacitorAppUpdate (from `../../node_modules/@capawesome/capacitor-app-update`)"

EXTERNAL SOURCES:
  ByteowlsCapacitorFilesharer:
    :path: "../../node_modules/@byteowls/capacitor-filesharer"
  Capacitor:
    :path: "../../node_modules/@capacitor/ios"
  CapacitorApp:
    :path: "../../node_modules/@capacitor/app"
  CapacitorCamera:
    :path: "../../node_modules/@capacitor/camera"
  CapacitorCordova:
    :path: "../../node_modules/@capacitor/ios"
  CapacitorDevice:
    :path: "../../node_modules/@capacitor/device"
  CapacitorGeolocation:
    :path: "../../node_modules/@capacitor/geolocation"
  CapacitorKeyboard:
    :path: "../../node_modules/@capacitor/keyboard"
  CapacitorSplashScreen:
    :path: "../../node_modules/@capacitor/splash-screen"
  CapacitorStatusBar:
    :path: "../../node_modules/@capacitor/status-bar"
  CapawesomeCapacitorAppUpdate:
    :path: "../../node_modules/@capawesome/capacitor-app-update"

SPEC CHECKSUMS:
  ByteowlsCapacitorFilesharer: 69c10c3f50ac9b16f3c38a792c4ea31e9a46f0eb
  Capacitor: 3aff4dee0552f6badcd04f47ab3174387d71f47d
  CapacitorApp: 30145f2ea2311e4f3744472119ec87d2ddf4c0a7
  CapacitorCamera: 4792443e91e3cf83c36d72f16500f4bcd3a8e20a
  CapacitorCordova: be703980ca797f847c3356f78fa175d21c8330c2
  CapacitorDevice: 38ad323d74e3a86b56253680538ac23a2c9b4a68
  CapacitorGeolocation: 86f82a32b238ff79d5be6fc0943f2866965d3f1b
  CapacitorKeyboard: f38d730356be5569d72eb87ad9c8166947728c36
  CapacitorSplashScreen: d2d8fe9541d7bebdf735839b89edf6e762cea969
  CapacitorStatusBar: 129c68650d3f950e080e8e7e03d69c3b361dbe52
  CapawesomeCapacitorAppUpdate: 08a91f5be8dc99ad336fe131d3b011b7acb49c22

PODFILE CHECKSUM: 91ee1be2bd1c06cfe13042253cb470f237d7d5b9

COCOAPODS: 1.14.2
