PODS:
  - ByteowlsCapacitorFilesharer (5.0.0):
    - Capacitor
  - Capacitor (7.0.1):
    - CapacitorCordova
  - CapacitorApp (7.0.0):
    - Capacitor
  - CapacitorCamera (7.0.0):
    - Capacitor
  - CapacitorCordova (7.0.1)
  - CapacitorDevice (7.0.0):
    - Capacitor
  - CapacitorGeolocation (7.1.1):
    - Capacitor
    - IONGeolocationLib (~> 1.0)
  - CapacitorKeyboard (7.0.0):
    - Capacitor
  - CapacitorSplashScreen (7.0.0):
    - Capacitor
  - CapacitorStatusBar (7.0.0):
    - Capacitor
  - CapawesomeCapacitorAppUpdate (7.0.1):
    - Capacitor
  - IONGeolocationLib (1.0.0)

DEPENDENCIES:
  - "ByteowlsCapacitorFilesharer (from `../../node_modules/@byteowls/capacitor-filesharer`)"
  - "Capacitor (from `../../node_modules/@capacitor/ios`)"
  - "CapacitorApp (from `../../node_modules/@capacitor/app`)"
  - "CapacitorCamera (from `../../node_modules/@capacitor/camera`)"
  - "CapacitorCordova (from `../../node_modules/@capacitor/ios`)"
  - "CapacitorDevice (from `../../node_modules/@capacitor/device`)"
  - "CapacitorGeolocation (from `../../node_modules/@capacitor/geolocation`)"
  - "CapacitorKeyboard (from `../../node_modules/@capacitor/keyboard`)"
  - "CapacitorSplashScreen (from `../../node_modules/@capacitor/splash-screen`)"
  - "CapacitorStatusBar (from `../../node_modules/@capacitor/status-bar`)"
  - "CapawesomeCapacitorAppUpdate (from `../../node_modules/@capawesome/capacitor-app-update`)"

SPEC REPOS:
  trunk:
    - IONGeolocationLib

EXTERNAL SOURCES:
  ByteowlsCapacitorFilesharer:
    :path: "../../node_modules/@byteowls/capacitor-filesharer"
  Capacitor:
    :path: "../../node_modules/@capacitor/ios"
  CapacitorApp:
    :path: "../../node_modules/@capacitor/app"
  CapacitorCamera:
    :path: "../../node_modules/@capacitor/camera"
  CapacitorCordova:
    :path: "../../node_modules/@capacitor/ios"
  CapacitorDevice:
    :path: "../../node_modules/@capacitor/device"
  CapacitorGeolocation:
    :path: "../../node_modules/@capacitor/geolocation"
  CapacitorKeyboard:
    :path: "../../node_modules/@capacitor/keyboard"
  CapacitorSplashScreen:
    :path: "../../node_modules/@capacitor/splash-screen"
  CapacitorStatusBar:
    :path: "../../node_modules/@capacitor/status-bar"
  CapawesomeCapacitorAppUpdate:
    :path: "../../node_modules/@capawesome/capacitor-app-update"

SPEC CHECKSUMS:
  ByteowlsCapacitorFilesharer: bda07882639e7d7b37de16426f2deb82d793c0b6
  Capacitor: de199cba6c8b20995428ad0b7cb0bc6ca625ffd4
  CapacitorApp: 9cb31064a6c6bb2b1438583733a7bf45557fc1da
  CapacitorCamera: 20a37684b81c69c0c33fb5a7216919f135371a6f
  CapacitorCordova: 63d476958d5022d76f197031e8b7ea3519988c64
  CapacitorDevice: 069faf433b3a99c3d5f0e500fbe634f60a8c6a84
  CapacitorGeolocation: c0755715aaadf5c86dc0053e1127b368444c914b
  CapacitorKeyboard: 4db71e694e7afb5d7c0be09b05495c19f7d6c914
  CapacitorSplashScreen: 7e7a0a1113833032f196b3af6fa437baccacf5bc
  CapacitorStatusBar: a8c4c83ed2e973bdafb979e80e4b00d027832cb7
  CapawesomeCapacitorAppUpdate: d1f04c1c870388248889908cf2ca960c7fdbf0ef
  IONGeolocationLib: 81f33f88d025846946de2cf63b0c7628e7c6bc9d

PODFILE CHECKSUM: ac58ca179ea4a0197ea90886fa1da6cbd0d9cc37

COCOAPODS: 1.16.2
